
Microsoft Visual Studio Solution File, Format Version 12.00
# Visual Studio 14
VisualStudioVersion = 14.0.22310.1
MinimumVisualStudioVersion = 10.0.40219.1
Project("{D954291E-2A0B-460D-934E-DC6B0785DB48}") = "Lexi", "Lexi.shproj", "{E1D915A9-0D0C-4897-AA63-012FCBF9EE3B}"
EndProject
Global
	GlobalSection(SharedMSBuildProjectFiles) = preSolution
		Lexi.projitems*{e1d915a9-0d0c-4897-aa63-012fcbf9ee3b}*SharedItemsImports = 13
	EndGlobalSection
	GlobalSection(SolutionProperties) = preSolution
		HideSolutionNode = FALSE
	EndGlobalSection
EndGlobal
